// !$*UTF8*$!
{
	archiveVersion = 1;
	classes = {
	};
	objectVersion = 46;
	objects = {

/* Begin PBXBuildFile section */
		3FD18A4665E1413364415E5A /* Pods_pokedex.framework in Frameworks */ = {isa = PBXBuildFile; fileRef = DC2D332A4AE1ADE46A1A508E /* Pods_pokedex.framework */; };
		AE49F1B21E381239007CE44B /* csv.swift in Sources */ = {isa = PBXBuildFile; fileRef = AE49F1B11E381239007CE44B /* csv.swift */; };
		AE49F1B51E38153E007CE44B /* Pokemon Hollow.ttf in Resources */ = {isa = PBXBuildFile; fileRef = AE49F1B31E38153D007CE44B /* Pokemon Hollow.ttf */; };
		AE49F1B61E38153E007CE44B /* PokemonFont.ttf in Resources */ = {isa = PBXBuildFile; fileRef = AE49F1B41E38153E007CE44B /* PokemonFont.ttf */; };
		AE49F1BB1E3816A9007CE44B /* music.png in Resources */ = {isa = PBXBuildFile; fileRef = AE49F1BA1E3816A9007CE44B /* music.png */; };
		AE49F1BD1E381767007CE44B /* music.mp3 in Resources */ = {isa = PBXBuildFile; fileRef = AE49F1BC1E381767007CE44B /* music.mp3 */; };
		AE49F1BF1E38C1EF007CE44B /* PokemonDetailVC.swift in Sources */ = {isa = PBXBuildFile; fileRef = AE49F1BE1E38C1EF007CE44B /* PokemonDetailVC.swift */; };
		AE49F1C11E3901AF007CE44B /* Constants.swift in Sources */ = {isa = PBXBuildFile; fileRef = AE49F1C01E3901AF007CE44B /* Constants.swift */; };
		AEAB943F1E36D268002140AC /* PokeCell.swift in Sources */ = {isa = PBXBuildFile; fileRef = AEAB943E1E36D268002140AC /* PokeCell.swift */; };
		AEB420CC1E36BFDE0092C209 /* AppDelegate.swift in Sources */ = {isa = PBXBuildFile; fileRef = AEB420CB1E36BFDE0092C209 /* AppDelegate.swift */; };
		AEB420CE1E36BFDE0092C209 /* ViewController.swift in Sources */ = {isa = PBXBuildFile; fileRef = AEB420CD1E36BFDE0092C209 /* ViewController.swift */; };
		AEB420D11E36BFDE0092C209 /* Main.storyboard in Resources */ = {isa = PBXBuildFile; fileRef = AEB420CF1E36BFDE0092C209 /* Main.storyboard */; };
		AEB420D31E36BFDE0092C209 /* Assets.xcassets in Resources */ = {isa = PBXBuildFile; fileRef = AEB420D21E36BFDE0092C209 /* Assets.xcassets */; };
		AEB420D61E36BFDE0092C209 /* LaunchScreen.storyboard in Resources */ = {isa = PBXBuildFile; fileRef = AEB420D41E36BFDE0092C209 /* LaunchScreen.storyboard */; };
		AEB420DE1E36C4540092C209 /* pokemon.csv in Resources */ = {isa = PBXBuildFile; fileRef = AEB420DD1E36C4540092C209 /* pokemon.csv */; };
		AEB420E11E36C4ED0092C209 /* Pokemon.swift in Sources */ = {isa = PBXBuildFile; fileRef = AEB420E01E36C4ED0092C209 /* Pokemon.swift */; };
/* End PBXBuildFile section */

/* Begin PBXFileReference section */
		AE49F1B11E381239007CE44B /* csv.swift */ = {isa = PBXFileReference; fileEncoding = 4; lastKnownFileType = sourcecode.swift; path = csv.swift; sourceTree = "<group>"; };
		AE49F1B31E38153D007CE44B /* Pokemon Hollow.ttf */ = {isa = PBXFileReference; lastKnownFileType = file; path = "Pokemon Hollow.ttf"; sourceTree = "<group>"; };
		AE49F1B41E38153E007CE44B /* PokemonFont.ttf */ = {isa = PBXFileReference; lastKnownFileType = file; path = PokemonFont.ttf; sourceTree = "<group>"; };
		AE49F1BA1E3816A9007CE44B /* music.png */ = {isa = PBXFileReference; lastKnownFileType = image.png; path = music.png; sourceTree = "<group>"; };
		AE49F1BC1E381767007CE44B /* music.mp3 */ = {isa = PBXFileReference; lastKnownFileType = audio.mp3; path = music.mp3; sourceTree = "<group>"; };
		AE49F1BE1E38C1EF007CE44B /* PokemonDetailVC.swift */ = {isa = PBXFileReference; fileEncoding = 4; lastKnownFileType = sourcecode.swift; path = PokemonDetailVC.swift; sourceTree = "<group>"; };
		AE49F1C01E3901AF007CE44B /* Constants.swift */ = {isa = PBXFileReference; fileEncoding = 4; lastKnownFileType = sourcecode.swift; path = Constants.swift; sourceTree = "<group>"; };
		AEAB943E1E36D268002140AC /* PokeCell.swift */ = {isa = PBXFileReference; fileEncoding = 4; lastKnownFileType = sourcecode.swift; path = PokeCell.swift; sourceTree = "<group>"; };
		AEB420C81E36BFDE0092C209 /* pokedex.app */ = {isa = PBXFileReference; explicitFileType = wrapper.application; includeInIndex = 0; path = pokedex.app; sourceTree = BUILT_PRODUCTS_DIR; };
		AEB420CB1E36BFDE0092C209 /* AppDelegate.swift */ = {isa = PBXFileReference; lastKnownFileType = sourcecode.swift; path = AppDelegate.swift; sourceTree = "<group>"; };
		AEB420CD1E36BFDE0092C209 /* ViewController.swift */ = {isa = PBXFileReference; lastKnownFileType = sourcecode.swift; path = ViewController.swift; sourceTree = "<group>"; };
		AEB420D01E36BFDE0092C209 /* Base */ = {isa = PBXFileReference; lastKnownFileType = file.storyboard; name = Base; path = Base.lproj/Main.storyboard; sourceTree = "<group>"; };
		AEB420D21E36BFDE0092C209 /* Assets.xcassets */ = {isa = PBXFileReference; lastKnownFileType = folder.assetcatalog; path = Assets.xcassets; sourceTree = "<group>"; };
		AEB420D51E36BFDE0092C209 /* Base */ = {isa = PBXFileReference; lastKnownFileType = file.storyboard; name = Base; path = Base.lproj/LaunchScreen.storyboard; sourceTree = "<group>"; };
		AEB420D71E36BFDE0092C209 /* Info.plist */ = {isa = PBXFileReference; lastKnownFileType = text.plist.xml; path = Info.plist; sourceTree = "<group>"; };
		AEB420DD1E36C4540092C209 /* pokemon.csv */ = {isa = PBXFileReference; fileEncoding = 4; lastKnownFileType = text; path = pokemon.csv; sourceTree = "<group>"; };
		AEB420E01E36C4ED0092C209 /* Pokemon.swift */ = {isa = PBXFileReference; fileEncoding = 4; lastKnownFileType = sourcecode.swift; path = Pokemon.swift; sourceTree = "<group>"; };
		D7DB59E95E9D3F6BFB306253 /* Pods-pokedex.release.xcconfig */ = {isa = PBXFileReference; includeInIndex = 1; lastKnownFileType = text.xcconfig; name = "Pods-pokedex.release.xcconfig"; path = "Pods/Target Support Files/Pods-pokedex/Pods-pokedex.release.xcconfig"; sourceTree = "<group>"; };
		DC2D332A4AE1ADE46A1A508E /* Pods_pokedex.framework */ = {isa = PBXFileReference; explicitFileType = wrapper.framework; includeInIndex = 0; path = Pods_pokedex.framework; sourceTree = BUILT_PRODUCTS_DIR; };
		EBEAA27A5588CEB8B43F9130 /* Pods-pokedex.debug.xcconfig */ = {isa = PBXFileReference; includeInIndex = 1; lastKnownFileType = text.xcconfig; name = "Pods-pokedex.debug.xcconfig"; path = "Pods/Target Support Files/Pods-pokedex/Pods-pokedex.debug.xcconfig"; sourceTree = "<group>"; };
/* End PBXFileReference section */

/* Begin PBXFrameworksBuildPhase section */
		AEB420C51E36BFDE0092C209 /* Frameworks */ = {
			isa = PBXFrameworksBuildPhase;
			buildActionMask = 2147483647;
			files = (
				3FD18A4665E1413364415E5A /* Pods_pokedex.framework in Frameworks */,
			);
			runOnlyForDeploymentPostprocessing = 0;
		};
/* End PBXFrameworksBuildPhase section */

/* Begin PBXGroup section */
		7ECAACE03BA92DC1202069B7 /* Frameworks */ = {
			isa = PBXGroup;
			children = (
				DC2D332A4AE1ADE46A1A508E /* Pods_pokedex.framework */,
			);
			name = Frameworks;
			sourceTree = "<group>";
		};
		A5747E097A52E183994C8FA6 /* Pods */ = {
			isa = PBXGroup;
			children = (
				EBEAA27A5588CEB8B43F9130 /* Pods-pokedex.debug.xcconfig */,
				D7DB59E95E9D3F6BFB306253 /* Pods-pokedex.release.xcconfig */,
			);
			name = Pods;
			sourceTree = "<group>";
		};
		AE49F1B71E381551007CE44B /* Controller */ = {
			isa = PBXGroup;
			children = (
				AEB420CD1E36BFDE0092C209 /* ViewController.swift */,
				AE49F1BE1E38C1EF007CE44B /* PokemonDetailVC.swift */,
			);
			name = Controller;
			sourceTree = "<group>";
		};
		AE49F1B81E381559007CE44B /* Resources */ = {
			isa = PBXGroup;
			children = (
				AE49F1B31E38153D007CE44B /* Pokemon Hollow.ttf */,
				AEB420DD1E36C4540092C209 /* pokemon.csv */,
				AE49F1B41E38153E007CE44B /* PokemonFont.ttf */,
			);
			name = Resources;
			sourceTree = "<group>";
		};
		AE49F1B91E38156E007CE44B /* Util */ = {
			isa = PBXGroup;
			children = (
				AE49F1B11E381239007CE44B /* csv.swift */,
				AE49F1C01E3901AF007CE44B /* Constants.swift */,
			);
			name = Util;
			sourceTree = "<group>";
		};
		AEAB943D1E36D244002140AC /* View */ = {
			isa = PBXGroup;
			children = (
				AEAB943E1E36D268002140AC /* PokeCell.swift */,
			);
			name = View;
			sourceTree = "<group>";
		};
		AEB420BF1E36BFDE0092C209 = {
			isa = PBXGroup;
			children = (
				AEB420CA1E36BFDE0092C209 /* pokedex */,
				AEB420C91E36BFDE0092C209 /* Products */,
				A5747E097A52E183994C8FA6 /* Pods */,
				7ECAACE03BA92DC1202069B7 /* Frameworks */,
			);
			sourceTree = "<group>";
		};
		AEB420C91E36BFDE0092C209 /* Products */ = {
			isa = PBXGroup;
			children = (
				AEB420C81E36BFDE0092C209 /* pokedex.app */,
			);
			name = Products;
			sourceTree = "<group>";
		};
		AEB420CA1E36BFDE0092C209 /* pokedex */ = {
			isa = PBXGroup;
			children = (
				AE49F1B91E38156E007CE44B /* Util */,
				AE49F1B81E381559007CE44B /* Resources */,
				AEB420DF1E36C4DF0092C209 /* Model */,
				AEAB943D1E36D244002140AC /* View */,
				AE49F1B71E381551007CE44B /* Controller */,
				AEB420CB1E36BFDE0092C209 /* AppDelegate.swift */,
				AE49F1BA1E3816A9007CE44B /* music.png */,
				AEB420CF1E36BFDE0092C209 /* Main.storyboard */,
				AEB420D21E36BFDE0092C209 /* Assets.xcassets */,
				AE49F1BC1E381767007CE44B /* music.mp3 */,
				AEB420D41E36BFDE0092C209 /* LaunchScreen.storyboard */,
				AEB420D71E36BFDE0092C209 /* Info.plist */,
			);
			path = pokedex;
			sourceTree = "<group>";
		};
		AEB420DF1E36C4DF0092C209 /* Model */ = {
			isa = PBXGroup;
			children = (
				AEB420E01E36C4ED0092C209 /* Pokemon.swift */,
			);
			name = Model;
			sourceTree = "<group>";
		};
/* End PBXGroup section */

/* Begin PBXNativeTarget section */
		AEB420C71E36BFDE0092C209 /* pokedex */ = {
			isa = PBXNativeTarget;
			buildConfigurationList = AEB420DA1E36BFDE0092C209 /* Build configuration list for PBXNativeTarget "pokedex" */;
			buildPhases = (
				68F81CF67C4FA7E883BD93EC /* [CP] Check Pods Manifest.lock */,
				AEB420C41E36BFDE0092C209 /* Sources */,
				AEB420C51E36BFDE0092C209 /* Frameworks */,
				AEB420C61E36BFDE0092C209 /* Resources */,
				BFEBD58ACA0C8EBDA64A301D /* [CP] Embed Pods Frameworks */,
				367D85B15E0E09898EF8F6E5 /* [CP] Copy Pods Resources */,
			);
			buildRules = (
			);
			dependencies = (
			);
			name = pokedex;
			productName = pokedex;
			productReference = AEB420C81E36BFDE0092C209 /* pokedex.app */;
			productType = "com.apple.product-type.application";
		};
/* End PBXNativeTarget section */

/* Begin PBXProject section */
		AEB420C01E36BFDE0092C209 /* Project object */ = {
			isa = PBXProject;
			attributes = {
				LastSwiftUpdateCheck = 0820;
				LastUpgradeCheck = 0820;
				ORGANIZATIONNAME = "Vitor Ferraz";
				TargetAttributes = {
					AEB420C71E36BFDE0092C209 = {
						CreatedOnToolsVersion = 8.2.1;
						DevelopmentTeam = UX2K5XG954;
						LastSwiftMigration = 0820;
						ProvisioningStyle = Automatic;
					};
				};
			};
			buildConfigurationList = AEB420C31E36BFDE0092C209 /* Build configuration list for PBXProject "pokedex" */;
			compatibilityVersion = "Xcode 3.2";
			developmentRegion = English;
			hasScannedForEncodings = 0;
			knownRegions = (
				en,
				Base,
			);
			mainGroup = AEB420BF1E36BFDE0092C209;
			productRefGroup = AEB420C91E36BFDE0092C209 /* Products */;
			projectDirPath = "";
			projectRoot = "";
			targets = (
				AEB420C71E36BFDE0092C209 /* pokedex */,
			);
		};
/* End PBXProject section */

/* Begin PBXResourcesBuildPhase section */
		AEB420C61E36BFDE0092C209 /* Resources */ = {
			isa = PBXResourcesBuildPhase;
			buildActionMask = 2147483647;
			files = (
				AE49F1BD1E381767007CE44B /* music.mp3 in Resources */,
				AEB420D61E36BFDE0092C209 /* LaunchScreen.storyboard in Resources */,
				AE49F1BB1E3816A9007CE44B /* music.png in Resources */,
				AEB420D31E36BFDE0092C209 /* Assets.xcassets in Resources */,
				AE49F1B51E38153E007CE44B /* Pokemon Hollow.ttf in Resources */,
				AE49F1B61E38153E007CE44B /* PokemonFont.ttf in Resources */,
				AEB420DE1E36C4540092C209 /* pokemon.csv in Resources */,
				AEB420D11E36BFDE0092C209 /* Main.storyboard in Resources */,
			);
			runOnlyForDeploymentPostprocessing = 0;
		};
/* End PBXResourcesBuildPhase section */

/* Begin PBXShellScriptBuildPhase section */
		367D85B15E0E09898EF8F6E5 /* [CP] Copy Pods Resources */ = {
			isa = PBXShellScriptBuildPhase;
			buildActionMask = 2147483647;
			files = (
			);
			inputPaths = (
			);
			name = "[CP] Copy Pods Resources";
			outputPaths = (
			);
			runOnlyForDeploymentPostprocessing = 0;
			shellPath = /bin/sh;
			shellScript = "\"${SRCROOT}/Pods/Target Support Files/Pods-pokedex/Pods-pokedex-resources.sh\"\n";
			showEnvVarsInLog = 0;
		};
		68F81CF67C4FA7E883BD93EC /* [CP] Check Pods Manifest.lock */ = {
			isa = PBXShellScriptBuildPhase;
			buildActionMask = 2147483647;
			files = (
			);
			inputPaths = (
			);
			name = "[CP] Check Pods Manifest.lock";
			outputPaths = (
			);
			runOnlyForDeploymentPostprocessing = 0;
			shellPath = /bin/sh;
			shellScript = "diff \"${PODS_ROOT}/../Podfile.lock\" \"${PODS_ROOT}/Manifest.lock\" > /dev/null\nif [ $? != 0 ] ; then\n    # print error to STDERR\n    echo \"error: The sandbox is not in sync with the Podfile.lock. Run 'pod install' or update your CocoaPods installation.\" >&2\n    exit 1\nfi\n";
			showEnvVarsInLog = 0;
		};
		BFEBD58ACA0C8EBDA64A301D /* [CP] Embed Pods Frameworks */ = {
			isa = PBXShellScriptBuildPhase;
			buildActionMask = 2147483647;
			files = (
			);
			inputPaths = (
			);
			name = "[CP] Embed Pods Frameworks";
			outputPaths = (
			);
			runOnlyForDeploymentPostprocessing = 0;
			shellPath = /bin/sh;
			shellScript = "\"${SRCROOT}/Pods/Target Support Files/Pods-pokedex/Pods-pokedex-frameworks.sh\"\n";
			showEnvVarsInLog = 0;
		};
/* End PBXShellScriptBuildPhase section */

/* Begin PBXSourcesBuildPhase section */
		AEB420C41E36BFDE0092C209 /* Sources */ = {
			isa = PBXSourcesBuildPhase;
			buildActionMask = 2147483647;
			files = (
				AEAB943F1E36D268002140AC /* PokeCell.swift in Sources */,
				AE49F1BF1E38C1EF007CE44B /* PokemonDetailVC.swift in Sources */,
				AEB420CE1E36BFDE0092C209 /* ViewController.swift in Sources */,
				AEB420CC1E36BFDE0092C209 /* AppDelegate.swift in Sources */,
				AE49F1C11E3901AF007CE44B /* Constants.swift in Sources */,
				AEB420E11E36C4ED0092C209 /* Pokemon.swift in Sources */,
				AE49F1B21E381239007CE44B /* csv.swift in Sources */,
			);
			runOnlyForDeploymentPostprocessing = 0;
		};
/* End PBXSourcesBuildPhase section */

/* Begin PBXVariantGroup section */
		AEB420CF1E36BFDE0092C209 /* Main.storyboard */ = {
			isa = PBXVariantGroup;
			children = (
				AEB420D01E36BFDE0092C209 /* Base */,
			);
			name = Main.storyboard;
			sourceTree = "<group>";
		};
		AEB420D41E36BFDE0092C209 /* LaunchScreen.storyboard */ = {
			isa = PBXVariantGroup;
			children = (
				AEB420D51E36BFDE0092C209 /* Base */,
			);
			name = LaunchScreen.storyboard;
			sourceTree = "<group>";
		};
/* End PBXVariantGroup section */

/* Begin XCBuildConfiguration section */
		AEB420D81E36BFDE0092C209 /* Debug */ = {
			isa = XCBuildConfiguration;
			buildSettings = {
				ALWAYS_SEARCH_USER_PATHS = NO;
				CLANG_ANALYZER_NONNULL = YES;
				CLANG_CXX_LANGUAGE_STANDARD = "gnu++0x";
				CLANG_CXX_LIBRARY = "libc++";
				CLANG_ENABLE_MODULES = YES;
				CLANG_ENABLE_OBJC_ARC = YES;
				CLANG_WARN_BOOL_CONVERSION = YES;
				CLANG_WARN_CONSTANT_CONVERSION = YES;
				CLANG_WARN_DIRECT_OBJC_ISA_USAGE = YES_ERROR;
				CLANG_WARN_DOCUMENTATION_COMMENTS = YES;
				CLANG_WARN_EMPTY_BODY = YES;
				CLANG_WARN_ENUM_CONVERSION = YES;
				CLANG_WARN_INFINITE_RECURSION = YES;
				CLANG_WARN_INT_CONVERSION = YES;
				CLANG_WARN_OBJC_ROOT_CLASS = YES_ERROR;
				CLANG_WARN_SUSPICIOUS_MOVE = YES;
				CLANG_WARN_UNREACHABLE_CODE = YES;
				CLANG_WARN__DUPLICATE_METHOD_MATCH = YES;
				"CODE_SIGN_IDENTITY[sdk=iphoneos*]" = "iPhone Developer";
				COPY_PHASE_STRIP = NO;
				DEBUG_INFORMATION_FORMAT = dwarf;
				ENABLE_STRICT_OBJC_MSGSEND = YES;
				ENABLE_TESTABILITY = YES;
				GCC_C_LANGUAGE_STANDARD = gnu99;
				GCC_DYNAMIC_NO_PIC = NO;
				GCC_NO_COMMON_BLOCKS = YES;
				GCC_OPTIMIZATION_LEVEL = 0;
				GCC_PREPROCESSOR_DEFINITIONS = (
					"DEBUG=1",
					"$(inherited)",
				);
				GCC_WARN_64_TO_32_BIT_CONVERSION = YES;
				GCC_WARN_ABOUT_RETURN_TYPE = YES_ERROR;
				GCC_WARN_UNDECLARED_SELECTOR = YES;
				GCC_WARN_UNINITIALIZED_AUTOS = YES_AGGRESSIVE;
				GCC_WARN_UNUSED_FUNCTION = YES;
				GCC_WARN_UNUSED_VARIABLE = YES;
				IPHONEOS_DEPLOYMENT_TARGET = 10.2;
				MTL_ENABLE_DEBUG_INFO = YES;
				ONLY_ACTIVE_ARCH = YES;
				SDKROOT = iphoneos;
				SWIFT_ACTIVE_COMPILATION_CONDITIONS = DEBUG;
				SWIFT_OPTIMIZATION_LEVEL = "-Onone";
				TARGETED_DEVICE_FAMILY = "1,2";
			};
			name = Debug;
		};
		AEB420D91E36BFDE0092C209 /* Release */ = {
			isa = XCBuildConfiguration;
			buildSettings = {
				ALWAYS_SEARCH_USER_PATHS = NO;
				CLANG_ANALYZER_NONNULL = YES;
				CLANG_CXX_LANGUAGE_STANDARD = "gnu++0x";
				CLANG_CXX_LIBRARY = "libc++";
				CLANG_ENABLE_MODULES = YES;
				CLANG_ENABLE_OBJC_ARC = YES;
				CLANG_WARN_BOOL_CONVERSION = YES;
				CLANG_WARN_CONSTANT_CONVERSION = YES;
				CLANG_WARN_DIRECT_OBJC_ISA_USAGE = YES_ERROR;
				CLANG_WARN_DOCUMENTATION_COMMENTS = YES;
				CLANG_WARN_EMPTY_BODY = YES;
				CLANG_WARN_ENUM_CONVERSION = YES;
				CLANG_WARN_INFINITE_RECURSION = YES;
				CLANG_WARN_INT_CONVERSION = YES;
				CLANG_WARN_OBJC_ROOT_CLASS = YES_ERROR;
				CLANG_WARN_SUSPICIOUS_MOVE = YES;
				CLANG_WARN_UNREACHABLE_CODE = YES;
				CLANG_WARN__DUPLICATE_METHOD_MATCH = YES;
				"CODE_SIGN_IDENTITY[sdk=iphoneos*]" = "iPhone Developer";
				COPY_PHASE_STRIP = NO;
				DEBUG_INFORMATION_FORMAT = "dwarf-with-dsym";
				ENABLE_NS_ASSERTIONS = NO;
				ENABLE_STRICT_OBJC_MSGSEND = YES;
				GCC_C_LANGUAGE_STANDARD = gnu99;
				GCC_NO_COMMON_BLOCKS = YES;
				GCC_WARN_64_TO_32_BIT_CONVERSION = YES;
				GCC_WARN_ABOUT_RETURN_TYPE = YES_ERROR;
				GCC_WARN_UNDECLARED_SELECTOR = YES;
				GCC_WARN_UNINITIALIZED_AUTOS = YES_AGGRESSIVE;
				GCC_WARN_UNUSED_FUNCTION = YES;
				GCC_WARN_UNUSED_VARIABLE = YES;
				IPHONEOS_DEPLOYMENT_TARGET = 10.2;
				MTL_ENABLE_DEBUG_INFO = NO;
				SDKROOT = iphoneos;
				SWIFT_OPTIMIZATION_LEVEL = "-Owholemodule";
				TARGETED_DEVICE_FAMILY = "1,2";
				VALIDATE_PRODUCT = YES;
			};
			name = Release;
		};
		AEB420DB1E36BFDE0092C209 /* Debug */ = {
			isa = XCBuildConfiguration;
			baseConfigurationReference = EBEAA27A5588CEB8B43F9130 /* Pods-pokedex.debug.xcconfig */;
			buildSettings = {
				ASSETCATALOG_COMPILER_APPICON_NAME = AppIcon;
				DEVELOPMENT_TEAM = UX2K5XG954;
				INFOPLIST_FILE = pokedex/Info.plist;
				LD_RUNPATH_SEARCH_PATHS = "$(inherited) @executable_path/Frameworks";
				PRODUCT_BUNDLE_IDENTIFIER = br.com.vitor.pokedex;
				PRODUCT_NAME = "$(TARGET_NAME)";
				SWIFT_VERSION = 3.0;
			};
			name = Debug;
		};
		AEB420DC1E36BFDE0092C209 /* Release */ = {
			isa = XCBuildConfiguration;
			baseConfigurationReference = D7DB59E95E9D3F6BFB306253 /* Pods-pokedex.release.xcconfig */;
			buildSettings = {
				ASSETCATALOG_COMPILER_APPICON_NAME = AppIcon;
				DEVELOPMENT_TEAM = UX2K5XG954;
				INFOPLIST_FILE = pokedex/Info.plist;
				LD_RUNPATH_SEARCH_PATHS = "$(inherited) @executable_path/Frameworks";
				PRODUCT_BUNDLE_IDENTIFIER = br.com.vitor.pokedex;
				PRODUCT_NAME = "$(TARGET_NAME)";
				SWIFT_VERSION = 3.0;
			};
			name = Release;
		};
/* End XCBuildConfiguration section */

/* Begin XCConfigurationList section */
		AEB420C31E36BFDE0092C209 /* Build configuration list for PBXProject "pokedex" */ = {
			isa = XCConfigurationList;
			buildConfigurations = (
				AEB420D81E36BFDE0092C209 /* Debug */,
				AEB420D91E36BFDE0092C209 /* Release */,
			);
			defaultConfigurationIsVisible = 0;
			defaultConfigurationName = Release;
		};
		AEB420DA1E36BFDE0092C209 /* Build configuration list for PBXNativeTarget "pokedex" */ = {
			isa = XCConfigurationList;
			buildConfigurations = (
				AEB420DB1E36BFDE0092C209 /* Debug */,
				AEB420DC1E36BFDE0092C209 /* Release */,
			);
			defaultConfigurationIsVisible = 0;
			defaultConfigurationName = Release;
		};
/* End XCConfigurationList section */
	};
	rootObject = AEB420C01E36BFDE0092C209 /* Project object */;
}
